{
    "version": 3,
    "terraform_version": "0.11.11",
    "serial": 2,
    "lineage": "e1d6edcf-1d96-6e3e-90f7-6ac4fa1f8408",
    "modules": [
        {
            "path": [
                "root"
            ],
            "outputs": {},
            "resources": {
                "aws_vpc.example": {
                    "type": "aws_vpc",
                    "depends_on": [],
                    "primary": {
                        "id": "vpc-0c0eaee7d17bfdbdc",
                        "attributes": {
                            "arn": "arn:aws:ec2:us-east-1:636352982554:vpc/vpc-0c0eaee7d17bfdbdc",
                            "assign_generated_ipv6_cidr_block": "false",
                            "cidr_block": "10.0.0.0/16",
                            "default_network_acl_id": "acl-09211bc15d6f8de21",
                            "default_route_table_id": "rtb-0caa2ec3a1effb152",
                            "default_security_group_id": "sg-07ac150cf9ca97cb3",
                            "dhcp_options_id": "dopt-d28148b6",
                            "enable_classiclink": "false",
                            "enable_classiclink_dns_support": "false",
                            "enable_dns_hostnames": "false",
                            "enable_dns_support": "true",
                            "id": "vpc-0c0eaee7d17bfdbdc",
                            "instance_tenancy": "default",
                            "ipv6_association_id": "",
                            "ipv6_cidr_block": "",
                            "main_route_table_id": "rtb-0caa2ec3a1effb152",
                            "owner_id": "636352982554",
                            "tags.%": "0"
                        },
                        "meta": {
                            "schema_version": "1"
                        },
                        "tainted": false
                    },
                    "deposed": [],
                    "provider": "provider.aws"
                }
            },
            "depends_on": []
        }
    ]
}
